
Microsoft Visual Studio Solution File, Format Version 12.00
# Visual Studio Version 17
VisualStudioVersion = 17.2.32519.379
MinimumVisualStudioVersion = 10.0.40219.1
Project("{FAE04EC0-301F-11D3-BF4B-00C04F79EFBC}") = "Aes_Algoritması", "Aes_Algoritması\Aes_Algoritması.csproj", "{816FDF17-AF50-4D90-940A-D2B051259C3D}"
EndProject
Global
	GlobalSection(SolutionConfigurationPlatforms) = preSolution
		Debug|Any CPU = Debug|Any CPU
		Release|Any CPU = Release|Any CPU
	EndGlobalSection
	GlobalSection(ProjectConfigurationPlatforms) = postSolution
		{816FDF17-AF50-4D90-940A-D2B051259C3D}.Debug|Any CPU.ActiveCfg = Debug|Any CPU
		{816FDF17-AF50-4D90-940A-D2B051259C3D}.Debug|Any CPU.Build.0 = Debug|Any CPU
		{816FDF17-AF50-4D90-940A-D2B051259C3D}.Release|Any CPU.ActiveCfg = Release|Any CPU
		{816FDF17-AF50-4D90-940A-D2B051259C3D}.Release|Any CPU.Build.0 = Release|Any CPU
	EndGlobalSection
	GlobalSection(SolutionProperties) = preSolution
		HideSolutionNode = FALSE
	EndGlobalSection
	GlobalSection(ExtensibilityGlobals) = postSolution
		SolutionGuid = {F3398668-9A6D-4A8C-9EE6-B2A6C9D7B8A7}
	EndGlobalSection
EndGlobal
